
Microsoft Visual Studio Solution File, Format Version 12.00
# Visual Studio Version 17
VisualStudioVersion = 17.2.32526.322
MinimumVisualStudioVersion = 10.0.40219.1
Project("{FAE04EC0-301F-11D3-BF4B-00C04F79EFBC}") = "Master Client", "PasswordCrackerProject\Master Client.csproj", "{87FACAAA-288A-4864-8F0E-6675E3168D82}"
EndProject
Project("{FAE04EC0-301F-11D3-BF4B-00C04F79EFBC}") = "Password Cracker", "Password Cracker\Password Cracker.csproj", "{C415D874-D502-4BD1-9E2D-4161352D8697}"
EndProject
Global
	GlobalSection(SolutionConfigurationPlatforms) = preSolution
		Debug|Any CPU = Debug|Any CPU
		Release|Any CPU = Release|Any CPU
	EndGlobalSection
	GlobalSection(ProjectConfigurationPlatforms) = postSolution
		{87FACAAA-288A-4864-8F0E-6675E3168D82}.Debug|Any CPU.ActiveCfg = Debug|Any CPU
		{87FACAAA-288A-4864-8F0E-6675E3168D82}.Debug|Any CPU.Build.0 = Debug|Any CPU
		{87FACAAA-288A-4864-8F0E-6675E3168D82}.Release|Any CPU.ActiveCfg = Release|Any CPU
		{87FACAAA-288A-4864-8F0E-6675E3168D82}.Release|Any CPU.Build.0 = Release|Any CPU
		{C415D874-D502-4BD1-9E2D-4161352D8697}.Debug|Any CPU.ActiveCfg = Debug|Any CPU
		{C415D874-D502-4BD1-9E2D-4161352D8697}.Debug|Any CPU.Build.0 = Debug|Any CPU
		{C415D874-D502-4BD1-9E2D-4161352D8697}.Release|Any CPU.ActiveCfg = Release|Any CPU
		{C415D874-D502-4BD1-9E2D-4161352D8697}.Release|Any CPU.Build.0 = Release|Any CPU
	EndGlobalSection
	GlobalSection(SolutionProperties) = preSolution
		HideSolutionNode = FALSE
	EndGlobalSection
	GlobalSection(ExtensibilityGlobals) = postSolution
		SolutionGuid = {3FCE44F6-925A-4FEF-88F3-277A91E083C5}
	EndGlobalSection
EndGlobal
